# This file is autogenerated, do not edit; changes may be undone by the next 'dep ensure'.


[[projects]]
  digest = "1:7fbb40f65374cb64a7bf3f1f74e2cb4c4437d93bc3d8921cf7e3d7ad2ab20989"
  name = "github.com/graphql-go/graphql"
  packages = [
    ".",
    "gqlerrors",
    "language/ast",
    "language/kinds",
    "language/lexer",
    "language/location",
    "language/parser",
    "language/printer",
    "language/source",
    "language/typeInfo",
    "language/visitor",
  ]
  pruneopts = "UT"
  revision = "2b0b7340d2285b861482047fbf5de0488e021bea"
  version = "v0.7.8"

[[projects]]
  digest = "1:fef0874d72d1f1f1cb61d390980fef4abdfb9d4a52446556e4414627833e3702"
  name = "github.com/graphql-go/handler"
  packages = ["."]
  pruneopts = "UT"
  revision = "c1267356e6539d975e83bbea383c2bbb861dce5b"
  version = "v0.2.3"

[solve-meta]
  analyzer-name = "dep"
  analyzer-version = 1
  input-imports = [
    "github.com/graphql-go/graphql",
    "github.com/graphql-go/handler",
  ]
  solver-name = "gps-cdcl"
  solver-version = 1
