{
  "version": 4,
  "terraform_version": "0.12.18",
  "serial": 98,
  "lineage": "072fc35d-83af-4439-e25b-4d672b0a9210",
  "outputs": {},
  "resources": [
    {
      "mode": "managed",
      "type": "aws_api_gateway_deployment",
      "name": "test_deployment",
      "provider": "provider.aws",
      "instances": [
        {
          "schema_version": 0,
          "attributes": {
            "created_date": "2019-12-30T20:58:02Z",
            "description": "",
            "execution_arn": "arn:aws:execute-api:eu-central-1:525500656121:w00nfptyjh/test",
            "id": "8yhe8x",
            "invoke_url": "https://w00nfptyjh.execute-api.eu-central-1.amazonaws.com/test",
            "rest_api_id": "w00nfptyjh",
            "stage_description": null,
            "stage_name": "test",
            "variables": null
          },
          "private": "bnVsbA==",
          "dependencies": [
            "aws_api_gateway_integration.test",
            "aws_api_gateway_method.test",
            "aws_api_gateway_rest_api.test",
            "aws_instance.api_server"
          ]
        }
      ]
    },
    {
      "mode": "managed",
      "type": "aws_api_gateway_integration",
      "name": "test",
      "provider": "provider.aws",
      "instances": [
        {
          "schema_version": 0,
          "attributes": {
            "cache_key_parameters": null,
            "cache_namespace": "dzsob8ar85",
            "connection_id": "",
            "connection_type": "INTERNET",
            "content_handling": "",
            "credentials": "",
            "http_method": "GET",
            "id": "agi-w00nfptyjh-dzsob8ar85-GET",
            "integration_http_method": "GET",
            "passthrough_behavior": "WHEN_NO_MATCH",
            "request_parameters": null,
            "request_parameters_in_json": null,
            "request_templates": null,
            "resource_id": "dzsob8ar85",
            "rest_api_id": "w00nfptyjh",
            "timeout_milliseconds": 29000,
            "type": "HTTP",
            "uri": "http://ec2-52-59-192-138.eu-central-1.compute.amazonaws.com/api/books"
          },
          "private": "bnVsbA==",
          "dependencies": [
            "aws_api_gateway_method.test",
            "aws_api_gateway_rest_api.test",
            "aws_instance.api_server"
          ]
        }
      ]
    },
    {
      "mode": "managed",
      "type": "aws_api_gateway_integration_response",
      "name": "MyDemoIntegrationResponse",
      "provider": "provider.aws",
      "instances": [
        {
          "schema_version": 0,
          "attributes": {
            "content_handling": "",
            "http_method": "GET",
            "id": "agir-w00nfptyjh-dzsob8ar85-GET-200",
            "resource_id": "dzsob8ar85",
            "response_parameters": null,
            "response_parameters_in_json": null,
            "response_templates": null,
            "rest_api_id": "w00nfptyjh",
            "selection_pattern": "",
            "status_code": "200"
          },
          "private": "bnVsbA==",
          "dependencies": [
            "aws_api_gateway_method.test",
            "aws_api_gateway_method_response.test",
            "aws_api_gateway_rest_api.test"
          ]
        }
      ]
    },
    {
      "mode": "managed",
      "type": "aws_api_gateway_method",
      "name": "test",
      "provider": "provider.aws",
      "instances": [
        {
          "schema_version": 0,
          "attributes": {
            "api_key_required": false,
            "authorization": "NONE",
            "authorization_scopes": null,
            "authorizer_id": null,
            "http_method": "GET",
            "id": "agm-w00nfptyjh-dzsob8ar85-GET",
            "request_models": null,
            "request_parameters": null,
            "request_parameters_in_json": null,
            "request_validator_id": null,
            "resource_id": "dzsob8ar85",
            "rest_api_id": "w00nfptyjh"
          },
          "private": "bnVsbA==",
          "dependencies": [
            "aws_api_gateway_rest_api.test"
          ]
        }
      ]
    },
    {
      "mode": "managed",
      "type": "aws_api_gateway_method_response",
      "name": "test",
      "provider": "provider.aws",
      "instances": [
        {
          "schema_version": 0,
          "attributes": {
            "http_method": "GET",
            "id": "agmr-w00nfptyjh-dzsob8ar85-GET-200",
            "resource_id": "dzsob8ar85",
            "response_models": null,
            "response_parameters": null,
            "response_parameters_in_json": null,
            "rest_api_id": "w00nfptyjh",
            "status_code": "200"
          },
          "private": "bnVsbA==",
          "dependencies": [
            "aws_api_gateway_method.test",
            "aws_api_gateway_rest_api.test"
          ]
        }
      ]
    },
    {
      "mode": "managed",
      "type": "aws_api_gateway_rest_api",
      "name": "test",
      "provider": "provider.aws",
      "instances": [
        {
          "schema_version": 0,
          "attributes": {
            "api_key_source": "HEADER",
            "arn": "arn:aws:apigateway:eu-central-1::/restapis/w00nfptyjh",
            "binary_media_types": null,
            "body": null,
            "created_date": "2019-12-30T20:58:00Z",
            "description": "Terraform EC2 REST API Example",
            "endpoint_configuration": [
              {
                "types": [
                  "REGIONAL"
                ]
              }
            ],
            "execution_arn": "arn:aws:execute-api:eu-central-1:525500656121:w00nfptyjh",
            "id": "w00nfptyjh",
            "minimum_compression_size": -1,
            "name": "EC2Example",
            "policy": "",
            "root_resource_id": "dzsob8ar85",
            "tags": null
          },
          "private": "bnVsbA=="
        }
      ]
    },
    {
      "mode": "managed",
      "type": "aws_instance",
      "name": "api_server",
      "provider": "provider.aws",
      "instances": [
        {
          "schema_version": 1,
          "attributes": {
            "ami": "ami-03818140b4ac9ae2b",
            "arn": "arn:aws:ec2:eu-central-1:525500656121:instance/i-050d7ec98b4d6a814",
            "associate_public_ip_address": true,
            "availability_zone": "eu-central-1b",
            "cpu_core_count": 1,
            "cpu_threads_per_core": 1,
            "credit_specification": [
              {
                "cpu_credits": "standard"
              }
            ],
            "disable_api_termination": false,
            "ebs_block_device": [],
            "ebs_optimized": false,
            "ephemeral_block_device": [],
            "get_password_data": false,
            "host_id": null,
            "iam_instance_profile": "",
            "id": "i-050d7ec98b4d6a814",
            "instance_initiated_shutdown_behavior": null,
            "instance_state": "running",
            "instance_type": "t2.micro",
            "ipv6_address_count": 0,
            "ipv6_addresses": [],
            "key_name": "api-server-key",
            "monitoring": false,
            "network_interface": [],
            "network_interface_id": null,
            "password_data": "",
            "placement_group": "",
            "primary_network_interface_id": "eni-0756eea9945721f09",
            "private_dns": "ip-172-31-37-219.eu-central-1.compute.internal",
            "private_ip": "172.31.37.219",
            "public_dns": "ec2-52-59-192-138.eu-central-1.compute.amazonaws.com",
            "public_ip": "52.59.192.138",
            "root_block_device": [
              {
                "delete_on_termination": true,
                "encrypted": false,
                "iops": 100,
                "kms_key_id": "",
                "volume_id": "vol-099b1bde022b46692",
                "volume_size": 8,
                "volume_type": "gp2"
              }
            ],
            "security_groups": [
              "default"
            ],
            "source_dest_check": true,
            "subnet_id": "subnet-504a502d",
            "tags": {},
            "tenancy": "default",
            "timeouts": null,
            "user_data": null,
            "user_data_base64": null,
            "volume_tags": {},
            "vpc_security_group_ids": [
              "sg-b5f3f9d0"
            ]
          },
          "private": "eyJlMmJmYjczMC1lY2FhLTExZTYtOGY4OC0zNDM2M2JjN2M0YzAiOnsiY3JlYXRlIjo2MDAwMDAwMDAwMDAsImRlbGV0ZSI6MTIwMDAwMDAwMDAwMCwidXBkYXRlIjo2MDAwMDAwMDAwMDB9LCJzY2hlbWFfdmVyc2lvbiI6IjEifQ==",
          "dependencies": [
            "aws_key_pair.api_server_key"
          ]
        }
      ]
    },
    {
      "mode": "managed",
      "type": "aws_key_pair",
      "name": "api_server_key",
      "provider": "provider.aws",
      "instances": [
        {
          "schema_version": 1,
          "attributes": {
            "fingerprint": "04:ee:79:e6:7a:95:a6:52:38:f1:ab:1d:33:aa:ae:c4",
            "id": "api-server-key",
            "key_name": "api-server-key",
            "key_name_prefix": null,
            "public_key": "ssh-rsa AAAAB3NzaC1yc2EAAAADAQABAAABAQCd2nPNeuU28LNSEk/+GO2MkXt7RyZY25GNdSu0ypDg3UeFIfQBdfMGICWu1HePr8zWk3/LFpTdAH6TG0oKYlFZV4crUccRg8BCOTV0Ul00tSRIXkCKt/CPSyDgy/ppNxQ2tPrbIpbBgyl/KKYFWTv+Po/6FtEFfpkEn+3k3ZIpMcfd/Tu5oP5MZGSgDH8IHFxyjZvX4+6N5RQak5PnNUH0SUvoWKf8FQFDPe5dSulbnKdTv/Ga7l1BfGG+VAqsvvFAFIHAzJWMaWeqfcZZzUAsSDEcxrSrDvSsOvmfgdK0phxaOpWStfgeX5D7jTWm4XXDVQqwLiC+I6Q8o7HyKW2X naren@Narens-MacBook-Air.local"
          },
          "private": "eyJzY2hlbWFfdmVyc2lvbiI6IjEifQ=="
        }
      ]
    }
  ]
}
