{
  "version": 4,
  "terraform_version": "0.12.18",
  "serial": 21,
  "lineage": "072fc35d-83af-4439-e25b-4d672b0a9210",
  "outputs": {
    "instance_ip_addr": {
      "value": "52.59.192.138",
      "type": "string"
    }
  },
  "resources": [
    {
      "mode": "managed",
      "type": "aws_api_gateway_deployment",
      "name": "example",
      "provider": "provider.aws",
      "instances": []
    },
    {
      "mode": "managed",
      "type": "aws_api_gateway_method",
      "name": "proxy",
      "provider": "provider.aws",
      "instances": [
        {
          "schema_version": 0,
          "attributes": {
            "api_key_required": false,
            "authorization": "NONE",
            "authorization_scopes": [],
            "authorizer_id": "",
            "http_method": "GET",
            "id": "agm-o9d2sjb1aj-yie084-GET",
            "request_models": {},
            "request_parameters": {},
            "request_parameters_in_json": null,
            "request_validator_id": "",
            "resource_id": "yie084",
            "rest_api_id": "o9d2sjb1aj"
          },
          "private": "bnVsbA==",
          "dependencies": [
            "aws_api_gateway_resource.proxy",
            "aws_api_gateway_rest_api.test"
          ]
        }
      ]
    },
    {
      "mode": "managed",
      "type": "aws_api_gateway_method",
      "name": "proxy_root",
      "provider": "provider.aws",
      "instances": [
        {
          "schema_version": 0,
          "attributes": {
            "api_key_required": false,
            "authorization": "NONE",
            "authorization_scopes": [],
            "authorizer_id": "",
            "http_method": "GET",
            "id": "agm-o9d2sjb1aj-ykrugarhm1-GET",
            "request_models": {},
            "request_parameters": {},
            "request_parameters_in_json": null,
            "request_validator_id": "",
            "resource_id": "ykrugarhm1",
            "rest_api_id": "o9d2sjb1aj"
          },
          "private": "bnVsbA==",
          "dependencies": [
            "aws_api_gateway_rest_api.test"
          ]
        }
      ]
    },
    {
      "mode": "managed",
      "type": "aws_api_gateway_resource",
      "name": "proxy",
      "provider": "provider.aws",
      "instances": [
        {
          "schema_version": 0,
          "attributes": {
            "id": "yie084",
            "parent_id": "ykrugarhm1",
            "path": "/{proxy+}",
            "path_part": "{proxy+}",
            "rest_api_id": "o9d2sjb1aj"
          },
          "private": "bnVsbA==",
          "dependencies": [
            "aws_api_gateway_rest_api.test"
          ]
        }
      ]
    },
    {
      "mode": "managed",
      "type": "aws_api_gateway_rest_api",
      "name": "test",
      "provider": "provider.aws",
      "instances": [
        {
          "schema_version": 0,
          "attributes": {
            "api_key_source": "HEADER",
            "arn": "arn:aws:apigateway:eu-central-1::/restapis/o9d2sjb1aj",
            "binary_media_types": [],
            "body": null,
            "created_date": "2019-12-29T23:46:18Z",
            "description": "Terraform EC2 REST API Example",
            "endpoint_configuration": [
              {
                "types": [
                  "EDGE"
                ]
              }
            ],
            "execution_arn": "arn:aws:execute-api:eu-central-1:525500656121:o9d2sjb1aj",
            "id": "o9d2sjb1aj",
            "minimum_compression_size": -1,
            "name": "EC2Example",
            "policy": "",
            "root_resource_id": "ykrugarhm1",
            "tags": {}
          },
          "private": "bnVsbA=="
        }
      ]
    },
    {
      "mode": "managed",
      "type": "aws_instance",
      "name": "api_server",
      "provider": "provider.aws",
      "instances": [
        {
          "schema_version": 1,
          "attributes": {
            "ami": "ami-03818140b4ac9ae2b",
            "arn": "arn:aws:ec2:eu-central-1:525500656121:instance/i-050d7ec98b4d6a814",
            "associate_public_ip_address": true,
            "availability_zone": "eu-central-1b",
            "cpu_core_count": 1,
            "cpu_threads_per_core": 1,
            "credit_specification": [
              {
                "cpu_credits": "standard"
              }
            ],
            "disable_api_termination": false,
            "ebs_block_device": [],
            "ebs_optimized": false,
            "ephemeral_block_device": [],
            "get_password_data": false,
            "host_id": null,
            "iam_instance_profile": "",
            "id": "i-050d7ec98b4d6a814",
            "instance_initiated_shutdown_behavior": null,
            "instance_state": "running",
            "instance_type": "t2.micro",
            "ipv6_address_count": 0,
            "ipv6_addresses": [],
            "key_name": "api-server-key",
            "monitoring": false,
            "network_interface": [],
            "network_interface_id": null,
            "password_data": "",
            "placement_group": "",
            "primary_network_interface_id": "eni-0756eea9945721f09",
            "private_dns": "ip-172-31-37-219.eu-central-1.compute.internal",
            "private_ip": "172.31.37.219",
            "public_dns": "ec2-52-59-192-138.eu-central-1.compute.amazonaws.com",
            "public_ip": "52.59.192.138",
            "root_block_device": [
              {
                "delete_on_termination": true,
                "encrypted": false,
                "iops": 100,
                "kms_key_id": "",
                "volume_id": "vol-099b1bde022b46692",
                "volume_size": 8,
                "volume_type": "gp2"
              }
            ],
            "security_groups": [
              "default"
            ],
            "source_dest_check": true,
            "subnet_id": "subnet-504a502d",
            "tags": {},
            "tenancy": "default",
            "timeouts": null,
            "user_data": null,
            "user_data_base64": null,
            "volume_tags": {},
            "vpc_security_group_ids": [
              "sg-b5f3f9d0"
            ]
          },
          "private": "eyJlMmJmYjczMC1lY2FhLTExZTYtOGY4OC0zNDM2M2JjN2M0YzAiOnsiY3JlYXRlIjo2MDAwMDAwMDAwMDAsImRlbGV0ZSI6MTIwMDAwMDAwMDAwMCwidXBkYXRlIjo2MDAwMDAwMDAwMDB9LCJzY2hlbWFfdmVyc2lvbiI6IjEifQ==",
          "dependencies": [
            "aws_key_pair.api_server_key"
          ]
        }
      ]
    },
    {
      "mode": "managed",
      "type": "aws_key_pair",
      "name": "api_server_key",
      "provider": "provider.aws",
      "instances": [
        {
          "schema_version": 1,
          "attributes": {
            "fingerprint": "04:ee:79:e6:7a:95:a6:52:38:f1:ab:1d:33:aa:ae:c4",
            "id": "api-server-key",
            "key_name": "api-server-key",
            "key_name_prefix": null,
            "public_key": "ssh-rsa AAAAB3NzaC1yc2EAAAADAQABAAABAQCd2nPNeuU28LNSEk/+GO2MkXt7RyZY25GNdSu0ypDg3UeFIfQBdfMGICWu1HePr8zWk3/LFpTdAH6TG0oKYlFZV4crUccRg8BCOTV0Ul00tSRIXkCKt/CPSyDgy/ppNxQ2tPrbIpbBgyl/KKYFWTv+Po/6FtEFfpkEn+3k3ZIpMcfd/Tu5oP5MZGSgDH8IHFxyjZvX4+6N5RQak5PnNUH0SUvoWKf8FQFDPe5dSulbnKdTv/Ga7l1BfGG+VAqsvvFAFIHAzJWMaWeqfcZZzUAsSDEcxrSrDvSsOvmfgdK0phxaOpWStfgeX5D7jTWm4XXDVQqwLiC+I6Q8o7HyKW2X naren@Narens-MacBook-Air.local"
          },
          "private": "eyJzY2hlbWFfdmVyc2lvbiI6IjEifQ=="
        }
      ]
    }
  ]
}
