# This file is autogenerated, do not edit; changes may be undone by the next 'dep ensure'.


[[projects]]
  digest = "1:61a8ca58fee5891ccd5e9e0503d3cb0636fe15505a7b758d51fe38d38bfce32f"
  name = "github.com/go-redis/redis"
  packages = [
    ".",
    "internal",
    "internal/consistenthash",
    "internal/hashtag",
    "internal/pool",
    "internal/proto",
    "internal/util",
  ]
  pruneopts = "UT"
  revision = "17c058513b3e03c5e23136c18582fdd8ac8a3645"
  version = "v6.15.5"

[solve-meta]
  analyzer-name = "dep"
  analyzer-version = 1
  input-imports = ["github.com/go-redis/redis"]
  solver-name = "gps-cdcl"
  solver-version = 1
